// !$*UTF8*$!
{
	archiveVersion = 1;
	classes = {
	};
	objectVersion = 46;
	objects = {

/* Begin PBXBuildFile section */
		D8A08A7315E3DD4200229A39 /* UIKit.framework in Frameworks */ = {isa = PBXBuildFile; fileRef = D8A08A7215E3DD4200229A39 /* UIKit.framework */; };
		D8A08A7515E3DD4200229A39 /* Foundation.framework in Frameworks */ = {isa = PBXBuildFile; fileRef = D8A08A7415E3DD4200229A39 /* Foundation.framework */; };
		D8A08A7715E3DD4200229A39 /* CoreGraphics.framework in Frameworks */ = {isa = PBXBuildFile; fileRef = D8A08A7615E3DD4200229A39 /* CoreGraphics.framework */; };
		D8A08ABF15E3E52400229A39 /* README.md in Resources */ = {isa = PBXBuildFile; fileRef = D8A08ABE15E3E52400229A39 /* README.md */; };
		D8BB1C8315EBCE6100FDFC08 /* AppDelegate.m in Sources */ = {isa = PBXBuildFile; fileRef = D8BB1C7615EBCE6100FDFC08 /* AppDelegate.m */; };
		D8BB1C8415EBCE6100FDFC08 /* InfoPlist.strings in Resources */ = {isa = PBXBuildFile; fileRef = D8BB1C7715EBCE6100FDFC08 /* InfoPlist.strings */; };
		D8BB1C8615EBCE6100FDFC08 /* main.m in Sources */ = {isa = PBXBuildFile; fileRef = D8BB1C7B15EBCE6100FDFC08 /* main.m */; };
		D8BB1C8715EBCE6100FDFC08 /* User.m in Sources */ = {isa = PBXBuildFile; fileRef = D8BB1C7D15EBCE6100FDFC08 /* User.m */; };
		D8BB1C8815EBCE6100FDFC08 /* GridColumn.m in Sources */ = {isa = PBXBuildFile; fileRef = D8BB1C8015EBCE6100FDFC08 /* GridColumn.m */; };
		D8BB1C8915EBCE6100FDFC08 /* GridTableVC.m in Sources */ = {isa = PBXBuildFile; fileRef = D8BB1C8215EBCE6100FDFC08 /* GridTableVC.m */; };
		D8C3B99115E8BFD9001669BE /* QuartzCore.framework in Frameworks */ = {isa = PBXBuildFile; fileRef = D8C3B99015E8BFD9001669BE /* QuartzCore.framework */; };
/* End PBXBuildFile section */

/* Begin PBXFileReference section */
		D8A08A6E15E3DD4200229A39 /* GridTable.app */ = {isa = PBXFileReference; explicitFileType = wrapper.application; includeInIndex = 0; path = GridTable.app; sourceTree = BUILT_PRODUCTS_DIR; };
		D8A08A7215E3DD4200229A39 /* UIKit.framework */ = {isa = PBXFileReference; lastKnownFileType = wrapper.framework; name = UIKit.framework; path = System/Library/Frameworks/UIKit.framework; sourceTree = SDKROOT; };
		D8A08A7415E3DD4200229A39 /* Foundation.framework */ = {isa = PBXFileReference; lastKnownFileType = wrapper.framework; name = Foundation.framework; path = System/Library/Frameworks/Foundation.framework; sourceTree = SDKROOT; };
		D8A08A7615E3DD4200229A39 /* CoreGraphics.framework */ = {isa = PBXFileReference; lastKnownFileType = wrapper.framework; name = CoreGraphics.framework; path = System/Library/Frameworks/CoreGraphics.framework; sourceTree = SDKROOT; };
		D8A08ABE15E3E52400229A39 /* README.md */ = {isa = PBXFileReference; fileEncoding = 4; lastKnownFileType = text; lineEnding = 0; path = README.md; sourceTree = "<group>"; };
		D8BB1C7515EBCE6100FDFC08 /* AppDelegate.h */ = {isa = PBXFileReference; fileEncoding = 4; lastKnownFileType = sourcecode.c.h; path = AppDelegate.h; sourceTree = "<group>"; };
		D8BB1C7615EBCE6100FDFC08 /* AppDelegate.m */ = {isa = PBXFileReference; fileEncoding = 4; lastKnownFileType = sourcecode.c.objc; path = AppDelegate.m; sourceTree = "<group>"; };
		D8BB1C7815EBCE6100FDFC08 /* en */ = {isa = PBXFileReference; lastKnownFileType = text.plist.strings; name = en; path = en.lproj/InfoPlist.strings; sourceTree = "<group>"; };
		D8BB1C7915EBCE6100FDFC08 /* GridTable-Info.plist */ = {isa = PBXFileReference; fileEncoding = 4; lastKnownFileType = text.plist.xml; path = "GridTable-Info.plist"; sourceTree = "<group>"; };
		D8BB1C7A15EBCE6100FDFC08 /* GridTable-Prefix.pch */ = {isa = PBXFileReference; fileEncoding = 4; lastKnownFileType = sourcecode.c.h; path = "GridTable-Prefix.pch"; sourceTree = "<group>"; };
		D8BB1C7B15EBCE6100FDFC08 /* main.m */ = {isa = PBXFileReference; fileEncoding = 4; lastKnownFileType = sourcecode.c.objc; path = main.m; sourceTree = "<group>"; };
		D8BB1C7C15EBCE6100FDFC08 /* User.h */ = {isa = PBXFileReference; fileEncoding = 4; lastKnownFileType = sourcecode.c.h; path = User.h; sourceTree = "<group>"; };
		D8BB1C7D15EBCE6100FDFC08 /* User.m */ = {isa = PBXFileReference; fileEncoding = 4; lastKnownFileType = sourcecode.c.objc; path = User.m; sourceTree = "<group>"; };
		D8BB1C7F15EBCE6100FDFC08 /* GridColumn.h */ = {isa = PBXFileReference; fileEncoding = 4; lastKnownFileType = sourcecode.c.h; path = GridColumn.h; sourceTree = "<group>"; };
		D8BB1C8015EBCE6100FDFC08 /* GridColumn.m */ = {isa = PBXFileReference; fileEncoding = 4; lastKnownFileType = sourcecode.c.objc; path = GridColumn.m; sourceTree = "<group>"; };
		D8BB1C8115EBCE6100FDFC08 /* GridTableVC.h */ = {isa = PBXFileReference; fileEncoding = 4; lastKnownFileType = sourcecode.c.h; path = GridTableVC.h; sourceTree = "<group>"; };
		D8BB1C8215EBCE6100FDFC08 /* GridTableVC.m */ = {isa = PBXFileReference; fileEncoding = 4; lastKnownFileType = sourcecode.c.objc; path = GridTableVC.m; sourceTree = "<group>"; };
		D8C3B99015E8BFD9001669BE /* QuartzCore.framework */ = {isa = PBXFileReference; lastKnownFileType = wrapper.framework; name = QuartzCore.framework; path = System/Library/Frameworks/QuartzCore.framework; sourceTree = SDKROOT; };
/* End PBXFileReference section */

/* Begin PBXFrameworksBuildPhase section */
		D8A08A6B15E3DD4100229A39 /* Frameworks */ = {
			isa = PBXFrameworksBuildPhase;
			buildActionMask = 2147483647;
			files = (
				D8C3B99115E8BFD9001669BE /* QuartzCore.framework in Frameworks */,
				D8A08A7315E3DD4200229A39 /* UIKit.framework in Frameworks */,
				D8A08A7515E3DD4200229A39 /* Foundation.framework in Frameworks */,
				D8A08A7715E3DD4200229A39 /* CoreGraphics.framework in Frameworks */,
			);
			runOnlyForDeploymentPostprocessing = 0;
		};
/* End PBXFrameworksBuildPhase section */

/* Begin PBXGroup section */
		D8A08A6315E3DD4100229A39 = {
			isa = PBXGroup;
			children = (
				D8BB1C7415EBCE6100FDFC08 /* example */,
				D8BB1C7E15EBCE6100FDFC08 /* GridTable */,
				D8A08ABE15E3E52400229A39 /* README.md */,
				D8A08A7115E3DD4200229A39 /* Frameworks */,
				D8A08A6F15E3DD4200229A39 /* Products */,
			);
			sourceTree = "<group>";
		};
		D8A08A6F15E3DD4200229A39 /* Products */ = {
			isa = PBXGroup;
			children = (
				D8A08A6E15E3DD4200229A39 /* GridTable.app */,
			);
			name = Products;
			sourceTree = "<group>";
		};
		D8A08A7115E3DD4200229A39 /* Frameworks */ = {
			isa = PBXGroup;
			children = (
				D8C3B99015E8BFD9001669BE /* QuartzCore.framework */,
				D8A08A7215E3DD4200229A39 /* UIKit.framework */,
				D8A08A7415E3DD4200229A39 /* Foundation.framework */,
				D8A08A7615E3DD4200229A39 /* CoreGraphics.framework */,
			);
			name = Frameworks;
			sourceTree = "<group>";
		};
		D8BB1C7415EBCE6100FDFC08 /* example */ = {
			isa = PBXGroup;
			children = (
				D8BB1C7515EBCE6100FDFC08 /* AppDelegate.h */,
				D8BB1C7615EBCE6100FDFC08 /* AppDelegate.m */,
				D8BB1C7715EBCE6100FDFC08 /* InfoPlist.strings */,
				D8BB1C7915EBCE6100FDFC08 /* GridTable-Info.plist */,
				D8BB1C7A15EBCE6100FDFC08 /* GridTable-Prefix.pch */,
				D8BB1C7B15EBCE6100FDFC08 /* main.m */,
				D8BB1C7C15EBCE6100FDFC08 /* User.h */,
				D8BB1C7D15EBCE6100FDFC08 /* User.m */,
			);
			path = example;
			sourceTree = "<group>";
		};
		D8BB1C7E15EBCE6100FDFC08 /* GridTable */ = {
			isa = PBXGroup;
			children = (
				D8BB1C7F15EBCE6100FDFC08 /* GridColumn.h */,
				D8BB1C8015EBCE6100FDFC08 /* GridColumn.m */,
				D8BB1C8115EBCE6100FDFC08 /* GridTableVC.h */,
				D8BB1C8215EBCE6100FDFC08 /* GridTableVC.m */,
			);
			path = GridTable;
			sourceTree = "<group>";
		};
/* End PBXGroup section */

/* Begin PBXNativeTarget section */
		D8A08A6D15E3DD4100229A39 /* GridTable */ = {
			isa = PBXNativeTarget;
			buildConfigurationList = D8A08A8615E3DD4200229A39 /* Build configuration list for PBXNativeTarget "GridTable" */;
			buildPhases = (
				D8A08A6A15E3DD4100229A39 /* Sources */,
				D8A08A6B15E3DD4100229A39 /* Frameworks */,
				D8A08A6C15E3DD4100229A39 /* Resources */,
			);
			buildRules = (
			);
			dependencies = (
			);
			name = GridTable;
			productName = GridTable;
			productReference = D8A08A6E15E3DD4200229A39 /* GridTable.app */;
			productType = "com.apple.product-type.application";
		};
/* End PBXNativeTarget section */

/* Begin PBXProject section */
		D8A08A6515E3DD4100229A39 /* Project object */ = {
			isa = PBXProject;
			attributes = {
				LastUpgradeCheck = 0440;
				ORGANIZATIONNAME = "池田 優一";
			};
			buildConfigurationList = D8A08A6815E3DD4100229A39 /* Build configuration list for PBXProject "GridTable" */;
			compatibilityVersion = "Xcode 3.2";
			developmentRegion = English;
			hasScannedForEncodings = 0;
			knownRegions = (
				en,
			);
			mainGroup = D8A08A6315E3DD4100229A39;
			productRefGroup = D8A08A6F15E3DD4200229A39 /* Products */;
			projectDirPath = "";
			projectRoot = "";
			targets = (
				D8A08A6D15E3DD4100229A39 /* GridTable */,
			);
		};
/* End PBXProject section */

/* Begin PBXResourcesBuildPhase section */
		D8A08A6C15E3DD4100229A39 /* Resources */ = {
			isa = PBXResourcesBuildPhase;
			buildActionMask = 2147483647;
			files = (
				D8A08ABF15E3E52400229A39 /* README.md in Resources */,
				D8BB1C8415EBCE6100FDFC08 /* InfoPlist.strings in Resources */,
			);
			runOnlyForDeploymentPostprocessing = 0;
		};
/* End PBXResourcesBuildPhase section */

/* Begin PBXSourcesBuildPhase section */
		D8A08A6A15E3DD4100229A39 /* Sources */ = {
			isa = PBXSourcesBuildPhase;
			buildActionMask = 2147483647;
			files = (
				D8BB1C8315EBCE6100FDFC08 /* AppDelegate.m in Sources */,
				D8BB1C8615EBCE6100FDFC08 /* main.m in Sources */,
				D8BB1C8715EBCE6100FDFC08 /* User.m in Sources */,
				D8BB1C8815EBCE6100FDFC08 /* GridColumn.m in Sources */,
				D8BB1C8915EBCE6100FDFC08 /* GridTableVC.m in Sources */,
			);
			runOnlyForDeploymentPostprocessing = 0;
		};
/* End PBXSourcesBuildPhase section */

/* Begin PBXVariantGroup section */
		D8BB1C7715EBCE6100FDFC08 /* InfoPlist.strings */ = {
			isa = PBXVariantGroup;
			children = (
				D8BB1C7815EBCE6100FDFC08 /* en */,
			);
			name = InfoPlist.strings;
			sourceTree = "<group>";
		};
/* End PBXVariantGroup section */

/* Begin XCBuildConfiguration section */
		D8A08A8415E3DD4200229A39 /* Debug */ = {
			isa = XCBuildConfiguration;
			buildSettings = {
				ALWAYS_SEARCH_USER_PATHS = NO;
				ARCHS = "$(ARCHS_STANDARD_32_BIT)";
				CLANG_CXX_LANGUAGE_STANDARD = "gnu++0x";
				CLANG_WARN__DUPLICATE_METHOD_MATCH = YES;
				"CODE_SIGN_IDENTITY[sdk=iphoneos*]" = "iPhone Developer";
				COPY_PHASE_STRIP = NO;
				GCC_C_LANGUAGE_STANDARD = gnu99;
				GCC_DYNAMIC_NO_PIC = NO;
				GCC_OPTIMIZATION_LEVEL = 0;
				GCC_PREPROCESSOR_DEFINITIONS = (
					"DEBUG=1",
					"$(inherited)",
				);
				GCC_SYMBOLS_PRIVATE_EXTERN = NO;
				GCC_VERSION = com.apple.compilers.llvm.clang.1_0;
				GCC_WARN_ABOUT_RETURN_TYPE = YES;
				GCC_WARN_UNINITIALIZED_AUTOS = YES;
				GCC_WARN_UNUSED_VARIABLE = YES;
				IPHONEOS_DEPLOYMENT_TARGET = 5.1;
				SDKROOT = iphoneos;
				TARGETED_DEVICE_FAMILY = "1,2";
			};
			name = Debug;
		};
		D8A08A8515E3DD4200229A39 /* Release */ = {
			isa = XCBuildConfiguration;
			buildSettings = {
				ALWAYS_SEARCH_USER_PATHS = NO;
				ARCHS = "$(ARCHS_STANDARD_32_BIT)";
				CLANG_CXX_LANGUAGE_STANDARD = "gnu++0x";
				CLANG_WARN__DUPLICATE_METHOD_MATCH = YES;
				"CODE_SIGN_IDENTITY[sdk=iphoneos*]" = "iPhone Developer";
				COPY_PHASE_STRIP = YES;
				GCC_C_LANGUAGE_STANDARD = gnu99;
				GCC_VERSION = com.apple.compilers.llvm.clang.1_0;
				GCC_WARN_ABOUT_RETURN_TYPE = YES;
				GCC_WARN_UNINITIALIZED_AUTOS = YES;
				GCC_WARN_UNUSED_VARIABLE = YES;
				IPHONEOS_DEPLOYMENT_TARGET = 5.1;
				OTHER_CFLAGS = "-DNS_BLOCK_ASSERTIONS=1";
				SDKROOT = iphoneos;
				TARGETED_DEVICE_FAMILY = "1,2";
				VALIDATE_PRODUCT = YES;
			};
			name = Release;
		};
		D8A08A8715E3DD4200229A39 /* Debug */ = {
			isa = XCBuildConfiguration;
			buildSettings = {
				GCC_PRECOMPILE_PREFIX_HEADER = YES;
				GCC_PREFIX_HEADER = "example/GridTable-Prefix.pch";
				INFOPLIST_FILE = "example/GridTable-Info.plist";
				PRODUCT_NAME = "$(TARGET_NAME)";
				WRAPPER_EXTENSION = app;
			};
			name = Debug;
		};
		D8A08A8815E3DD4200229A39 /* Release */ = {
			isa = XCBuildConfiguration;
			buildSettings = {
				GCC_PRECOMPILE_PREFIX_HEADER = YES;
				GCC_PREFIX_HEADER = "example/GridTable-Prefix.pch";
				INFOPLIST_FILE = "example/GridTable-Info.plist";
				PRODUCT_NAME = "$(TARGET_NAME)";
				WRAPPER_EXTENSION = app;
			};
			name = Release;
		};
/* End XCBuildConfiguration section */

/* Begin XCConfigurationList section */
		D8A08A6815E3DD4100229A39 /* Build configuration list for PBXProject "GridTable" */ = {
			isa = XCConfigurationList;
			buildConfigurations = (
				D8A08A8415E3DD4200229A39 /* Debug */,
				D8A08A8515E3DD4200229A39 /* Release */,
			);
			defaultConfigurationIsVisible = 0;
			defaultConfigurationName = Release;
		};
		D8A08A8615E3DD4200229A39 /* Build configuration list for PBXNativeTarget "GridTable" */ = {
			isa = XCConfigurationList;
			buildConfigurations = (
				D8A08A8715E3DD4200229A39 /* Debug */,
				D8A08A8815E3DD4200229A39 /* Release */,
			);
			defaultConfigurationIsVisible = 0;
			defaultConfigurationName = Release;
		};
/* End XCConfigurationList section */
	};
	rootObject = D8A08A6515E3DD4100229A39 /* Project object */;
}
